Microsoft Visual Studio Solution File, Format Version 12.00
# Visual Studio Version 17
VisualStudioVersion = 17.5.2.0
MinimumVisualStudioVersion = 10.0.40219.1
Project("{FAE04EC0-301F-11D3-BF4B-00C04F79EFBC}") = "Genesys", "Genesys.csproj", "{C0525CF5-F573-596B-1DDE-E36E88B2D6CF}"
EndProject
Global
	GlobalSection(SolutionConfigurationPlatforms) = preSolution
		Debug|Any CPU = Debug|Any CPU
		Release|Any CPU = Release|Any CPU
	EndGlobalSection
	GlobalSection(ProjectConfigurationPlatforms) = postSolution
		{C0525CF5-F573-596B-1DDE-E36E88B2D6CF}.Debug|Any CPU.ActiveCfg = Debug|Any CPU
		{C0525CF5-F573-596B-1DDE-E36E88B2D6CF}.Debug|Any CPU.Build.0 = Debug|Any CPU
		{C0525CF5-F573-596B-1DDE-E36E88B2D6CF}.Release|Any CPU.ActiveCfg = Release|Any CPU
		{C0525CF5-F573-596B-1DDE-E36E88B2D6CF}.Release|Any CPU.Build.0 = Release|Any CPU
	EndGlobalSection
	GlobalSection(SolutionProperties) = preSolution
		HideSolutionNode = FALSE
	EndGlobalSection
	GlobalSection(ExtensibilityGlobals) = postSolution
		SolutionGuid = {D99B2362-9FF2-4409-996F-5346505AF003}
	EndGlobalSection
EndGlobal
